
Microsoft Visual Studio Solution File, Format Version 12.00
# Visual Studio Version 17
VisualStudioVersion = 17.5.33530.505
MinimumVisualStudioVersion = 10.0.40219.1
Project("{8BC9CEB8-8B4A-11D0-8D11-00A0C91BC942}") = "List", "List\List.vcxproj", "{CF5C3D23-EECB-4F54-98D2-E675773B516E}"
EndProject
Global
	GlobalSection(SolutionConfigurationPlatforms) = preSolution
		Debug|x64 = Debug|x64
		Debug|x86 = Debug|x86
		Release|x64 = Release|x64
		Release|x86 = Release|x86
	EndGlobalSection
	GlobalSection(ProjectConfigurationPlatforms) = postSolution
		{CF5C3D23-EECB-4F54-98D2-E675773B516E}.Debug|x64.ActiveCfg = Debug|x64
		{CF5C3D23-EECB-4F54-98D2-E675773B516E}.Debug|x64.Build.0 = Debug|x64
		{CF5C3D23-EECB-4F54-98D2-E675773B516E}.Debug|x86.ActiveCfg = Debug|Win32
		{CF5C3D23-EECB-4F54-98D2-E675773B516E}.Debug|x86.Build.0 = Debug|Win32
		{CF5C3D23-EECB-4F54-98D2-E675773B516E}.Release|x64.ActiveCfg = Release|x64
		{CF5C3D23-EECB-4F54-98D2-E675773B516E}.Release|x64.Build.0 = Release|x64
		{CF5C3D23-EECB-4F54-98D2-E675773B516E}.Release|x86.ActiveCfg = Release|Win32
		{CF5C3D23-EECB-4F54-98D2-E675773B516E}.Release|x86.Build.0 = Release|Win32
	EndGlobalSection
	GlobalSection(SolutionProperties) = preSolution
		HideSolutionNode = FALSE
	EndGlobalSection
	GlobalSection(ExtensibilityGlobals) = postSolution
		SolutionGuid = {87B50EFA-0C1D-4428-871D-0C3A418D6113}
	EndGlobalSection
EndGlobal
